
Microsoft Visual Studio Solution File, Format Version 12.00
# Visual Studio Version 17
VisualStudioVersion = 17.5.002.0
MinimumVisualStudioVersion = 10.0.40219.1
Project("{9A19103F-16F7-4668-BE54-9A1E7A4F7556}") = "APi", "API\APi.csproj", "{649F9084-6E8F-487A-AD46-FC987653405B}"
EndProject
Global
	GlobalSection(SolutionConfigurationPlatforms) = preSolution
		Debug|Any CPU = Debug|Any CPU
		Release|Any CPU = Release|Any CPU
	EndGlobalSection
	GlobalSection(ProjectConfigurationPlatforms) = postSolution
		{649F9084-6E8F-487A-AD46-FC987653405B}.Debug|Any CPU.ActiveCfg = Debug|Any CPU
		{649F9084-6E8F-487A-AD46-FC987653405B}.Debug|Any CPU.Build.0 = Debug|Any CPU
		{649F9084-6E8F-487A-AD46-FC987653405B}.Release|Any CPU.ActiveCfg = Release|Any CPU
		{649F9084-6E8F-487A-AD46-FC987653405B}.Release|Any CPU.Build.0 = Release|Any CPU
	EndGlobalSection
	GlobalSection(SolutionProperties) = preSolution
		HideSolutionNode = FALSE
	EndGlobalSection
	GlobalSection(ExtensibilityGlobals) = postSolution
		SolutionGuid = {9D0F0FB7-6250-497A-AAAD-BB483BA9287F}
	EndGlobalSection
EndGlobal
